
Microsoft Visual Studio Solution File, Format Version 12.00
# Visual Studio 15
VisualStudioVersion = 15.0.28010.2041
MinimumVisualStudioVersion = 10.0.40219.1
Project("{FAE04EC0-301F-11D3-BF4B-00C04F79EFBC}") = "InventoryManagementSystem", "InventoryManagementSystem\InventoryManagementSystem.csproj", "{65B004CC-EEF5-4840-86CA-939C6337E254}"
EndProject
Global
	GlobalSection(SolutionConfigurationPlatforms) = preSolution
		Debug|Any CPU = Debug|Any CPU
		Release|Any CPU = Release|Any CPU
	EndGlobalSection
	GlobalSection(ProjectConfigurationPlatforms) = postSolution
		{65B004CC-EEF5-4840-86CA-939C6337E254}.Debug|Any CPU.ActiveCfg = Debug|Any CPU
		{65B004CC-EEF5-4840-86CA-939C6337E254}.Debug|Any CPU.Build.0 = Debug|Any CPU
		{65B004CC-EEF5-4840-86CA-939C6337E254}.Release|Any CPU.ActiveCfg = Release|Any CPU
		{65B004CC-EEF5-4840-86CA-939C6337E254}.Release|Any CPU.Build.0 = Release|Any CPU
	EndGlobalSection
	GlobalSection(SolutionProperties) = preSolution
		HideSolutionNode = FALSE
	EndGlobalSection
	GlobalSection(ExtensibilityGlobals) = postSolution
		SolutionGuid = {EEC3CCE5-ED51-4DF9-B6CB-9491AF47A640}
	EndGlobalSection
EndGlobal
